PODS:
  - SANetworking (1.0.1)
  - SAWebPlayer (1.4.2):
    - SANetworking (= 1.0.1)

DEPENDENCIES:
  - SAWebPlayer (from `../`)

SPEC REPOS:
  https://github.com/cocoapods/specs.git:
    - SANetworking

EXTERNAL SOURCES:
  SAWebPlayer:
    :path: "../"

SPEC CHECKSUMS:
  SANetworking: 26e38d553c5479e4683b662572a391403016745f
  SAWebPlayer: 09fafe7bc781b97f70c4701ebef0d5617ff033c7

PODFILE CHECKSUM: c7c79786bfb217c84740414f14ff9cb32433f83a

COCOAPODS: 1.7.5
