PODS:
  - SANetworking (1.0.0)
  - SAWebPlayer (1.4.0):
    - SANetworking (= 1.0.0)

DEPENDENCIES:
  - SAWebPlayer (from `../`)

SPEC REPOS:
  https://github.com/cocoapods/specs.git:
    - SANetworking

EXTERNAL SOURCES:
  SAWebPlayer:
    :path: "../"

SPEC CHECKSUMS:
  SANetworking: 672cec0782244c2d780c3c58867e58e8ed2917ee
  SAWebPlayer: ad3a30bdcc8f6f202ca9e6a5bea57475a1684bc5

PODFILE CHECKSUM: c7c79786bfb217c84740414f14ff9cb32433f83a

COCOAPODS: 1.7.5
