PODS:
  - SANetworking (0.3.1)
  - SAWebPlayer (1.2.4):
    - SANetworking (= 0.3.1)

DEPENDENCIES:
  - SAWebPlayer (from `../`)

EXTERNAL SOURCES:
  SAWebPlayer:
    :path: ../

SPEC CHECKSUMS:
  SANetworking: bd3fc423e108b09dbad94564af19de9ea6652ae7
  SAWebPlayer: 1b78933f66e19d9e723ced4088c50e681da78dcb

PODFILE CHECKSUM: c7c79786bfb217c84740414f14ff9cb32433f83a

COCOAPODS: 1.4.0
